version = 1
revision = 3
requires-python = ">=3.13"

[[package]]
name = "css-html-js-minify"
version = "2.5.5"
source = { registry = "https://pypi.org/simple" }
sdist = { url = "https://files.pythonhosted.org/packages/75/61/f52e5225abe8e36ed5396e5ae3074df5f4ef994b540e9b4fd55a39b03cfd/css-html-js-minify-2.5.5.zip", hash = "sha256:4a9f11f7e0496f5284d12111f3ba4ff5ff2023d12f15d195c9c48bd97013746c", size = 33156, upload-time = "2018-04-14T15:10:29.53Z" }
wheels = [
    { url = "https://files.pythonhosted.org/packages/e8/21/1260081a2c67105a3bd0f8692ff3c80b5f0cb5fe9f3f8fd4a990f17b8a39/css_html_js_minify-2.5.5-py2.py3-none-any.whl", hash = "sha256:3da9d35ac0db8ca648c1b543e0e801d7ca0bab9e6bfd8418fee59d5ae001727a", size = 40527, upload-time = "2018-04-14T15:10:26.667Z" },
]

[[package]]
name = "ramhuw-github-io"
version = "0.1.0"
source = { virtual = "." }
dependencies = [
    { name = "css-html-js-minify" },
]

[package.metadata]
requires-dist = [{ name = "css-html-js-minify", specifier = ">=2.5.5" }]
